{
  "name": "parent-package-json",
  "version": "1.0.0",
  "lockfileVersion": 3,
  "requires": true,
  "packages": {
    "": {
      "name": "parent-package-json",
      "version": "1.0.0",
      "license": "ISC",
      "workspaces": [
        "./sub/"
      ]
    },
    "node_modules/child-package-json": {
      "resolved": "sub",
      "link": true
    },
    "sub": {
      "version": "1.0.0",
      "license": "ISC"
    }
  }
}
